
Microsoft Visual Studio Solution File, Format Version 11.00
# Visual Studio 2010
Project("{FAE04EC0-301F-11D3-BF4B-00C04F79EFBC}") = "Sridhar_Bingham_L3_Q2", "Sridhar_Bingham_L3_Q2\Sridhar_Bingham_L3_Q2.csproj", "{35CB92E0-D919-4AEF-9873-2E1721DEB76D}"
EndProject
Project("{2150E333-8FDC-42A3-9474-1A3956D46DE8}") = "Solution Items", "Solution Items", "{9E887350-57B1-4045-AC20-F2B3E6E6339B}"
	ProjectSection(SolutionItems) = preProject
		Sridhar_Bingham_L3.vsmdi = Sridhar_Bingham_L3.vsmdi
	EndProjectSection
EndProject
Project("{E24C65DC-7377-472B-9ABA-BC803B73C61A}") = "Sridhar_Bingham_L3_Q1", "Sridhar_Bingham_L3_Q1\", "{C186E391-896B-4382-B504-C1293FA3EA95}"
	ProjectSection(WebsiteProperties) = preProject
		TargetFrameworkMoniker = ".NETFramework,Version%3Dv4.0"
		Debug.AspNetCompiler.VirtualPath = "/Sridhar_Bingham_L3_Q1"
		Debug.AspNetCompiler.PhysicalPath = "Sridhar_Bingham_L3_Q1\"
		Debug.AspNetCompiler.TargetPath = "PrecompiledWeb\Sridhar_Bingham_L3_Q1\"
		Debug.AspNetCompiler.Updateable = "true"
		Debug.AspNetCompiler.ForceOverwrite = "true"
		Debug.AspNetCompiler.FixedNames = "false"
		Debug.AspNetCompiler.Debug = "True"
		Release.AspNetCompiler.VirtualPath = "/Sridhar_Bingham_L3_Q1"
		Release.AspNetCompiler.PhysicalPath = "Sridhar_Bingham_L3_Q1\"
		Release.AspNetCompiler.TargetPath = "PrecompiledWeb\Sridhar_Bingham_L3_Q1\"
		Release.AspNetCompiler.Updateable = "true"
		Release.AspNetCompiler.ForceOverwrite = "true"
		Release.AspNetCompiler.FixedNames = "false"
		Release.AspNetCompiler.Debug = "False"
		VWDPort = "51648"
	EndProjectSection
EndProject
Project("{FAE04EC0-301F-11D3-BF4B-00C04F79EFBC}") = "Sridhar_Bingham_L3_Q3", "Sridhar_Bingham_L3_Q3\Sridhar_Bingham_L3_Q3.csproj", "{298E58E9-8665-438B-A662-4E59FE9675A4}"
EndProject
Global
	GlobalSection(TestCaseManagementSettings) = postSolution
		CategoryFile = Sridhar_Bingham_L3.vsmdi
	EndGlobalSection
	GlobalSection(SolutionConfigurationPlatforms) = preSolution
		Debug|Any CPU = Debug|Any CPU
		Release|Any CPU = Release|Any CPU
	EndGlobalSection
	GlobalSection(ProjectConfigurationPlatforms) = postSolution
		{35CB92E0-D919-4AEF-9873-2E1721DEB76D}.Debug|Any CPU.ActiveCfg = Debug|Any CPU
		{35CB92E0-D919-4AEF-9873-2E1721DEB76D}.Debug|Any CPU.Build.0 = Debug|Any CPU
		{35CB92E0-D919-4AEF-9873-2E1721DEB76D}.Release|Any CPU.ActiveCfg = Release|Any CPU
		{35CB92E0-D919-4AEF-9873-2E1721DEB76D}.Release|Any CPU.Build.0 = Release|Any CPU
		{C186E391-896B-4382-B504-C1293FA3EA95}.Debug|Any CPU.ActiveCfg = Debug|Any CPU
		{C186E391-896B-4382-B504-C1293FA3EA95}.Debug|Any CPU.Build.0 = Debug|Any CPU
		{C186E391-896B-4382-B504-C1293FA3EA95}.Release|Any CPU.ActiveCfg = Debug|Any CPU
		{C186E391-896B-4382-B504-C1293FA3EA95}.Release|Any CPU.Build.0 = Debug|Any CPU
		{298E58E9-8665-438B-A662-4E59FE9675A4}.Debug|Any CPU.ActiveCfg = Debug|Any CPU
		{298E58E9-8665-438B-A662-4E59FE9675A4}.Debug|Any CPU.Build.0 = Debug|Any CPU
		{298E58E9-8665-438B-A662-4E59FE9675A4}.Release|Any CPU.ActiveCfg = Release|Any CPU
		{298E58E9-8665-438B-A662-4E59FE9675A4}.Release|Any CPU.Build.0 = Release|Any CPU
	EndGlobalSection
	GlobalSection(SolutionProperties) = preSolution
		HideSolutionNode = FALSE
	EndGlobalSection
EndGlobal
