
Microsoft Visual Studio Solution File, Format Version 11.00
# Visual Studio 2010
Project("{FAE04EC0-301F-11D3-BF4B-00C04F79EFBC}") = "Sridhar_Bingham_L5", "Sridhar_Bingham_L5\Sridhar_Bingham_L5.csproj", "{C9900B94-657A-4E37-B8AC-9A287E89CC05}"
EndProject
Global
	GlobalSection(SolutionConfigurationPlatforms) = preSolution
		Debug|Any CPU = Debug|Any CPU
		Release|Any CPU = Release|Any CPU
	EndGlobalSection
	GlobalSection(ProjectConfigurationPlatforms) = postSolution
		{C9900B94-657A-4E37-B8AC-9A287E89CC05}.Debug|Any CPU.ActiveCfg = Debug|Any CPU
		{C9900B94-657A-4E37-B8AC-9A287E89CC05}.Debug|Any CPU.Build.0 = Debug|Any CPU
		{C9900B94-657A-4E37-B8AC-9A287E89CC05}.Release|Any CPU.ActiveCfg = Release|Any CPU
		{C9900B94-657A-4E37-B8AC-9A287E89CC05}.Release|Any CPU.Build.0 = Release|Any CPU
	EndGlobalSection
	GlobalSection(SolutionProperties) = preSolution
		HideSolutionNode = FALSE
	EndGlobalSection
EndGlobal
